// !$*UTF8*$!
{
	archiveVersion = 1;
	classes = {
	};
	objectVersion = 52;
	objects = {

/* Begin PBXBuildFile section */
		462634BC2654F7C800E9AC41 /* Localizable.strings in Resources */ = {isa = PBXBuildFile; fileRef = 462634BE2654F7C800E9AC41 /* Localizable.strings */; };
		4646CA9026472841006AEF42 /* Calculator.swift in Sources */ = {isa = PBXBuildFile; fileRef = 4646CA8F26472841006AEF42 /* Calculator.swift */; };
		465049A1263F282B007410D4 /* Pizza_CalculatorApp.swift in Sources */ = {isa = PBXBuildFile; fileRef = 465049A0263F282B007410D4 /* Pizza_CalculatorApp.swift */; };
		465049A5263F282C007410D4 /* Assets.xcassets in Resources */ = {isa = PBXBuildFile; fileRef = 465049A4263F282C007410D4 /* Assets.xcassets */; };
		465049A8263F282C007410D4 /* Preview Assets.xcassets in Resources */ = {isa = PBXBuildFile; fileRef = 465049A7263F282C007410D4 /* Preview Assets.xcassets */; };
		465049AA263F282C007410D4 /* Persistence.swift in Sources */ = {isa = PBXBuildFile; fileRef = 465049A9263F282C007410D4 /* Persistence.swift */; };
		465049AD263F282C007410D4 /* Pizza_Calculator.xcdatamodeld in Sources */ = {isa = PBXBuildFile; fileRef = 465049AB263F282C007410D4 /* Pizza_Calculator.xcdatamodeld */; };
		465049B8263F282C007410D4 /* Pizza_CalculatorTests.swift in Sources */ = {isa = PBXBuildFile; fileRef = 465049B7263F282C007410D4 /* Pizza_CalculatorTests.swift */; };
		465049C3263F282C007410D4 /* Pizza_CalculatorUITests.swift in Sources */ = {isa = PBXBuildFile; fileRef = 465049C2263F282C007410D4 /* Pizza_CalculatorUITests.swift */; };
		465049DF263F3C4B007410D4 /* SizeEditView.swift in Sources */ = {isa = PBXBuildFile; fileRef = 465049DE263F3C4B007410D4 /* SizeEditView.swift */; };
		467661BF265542E7006B42B0 /* Extensions.swift in Sources */ = {isa = PBXBuildFile; fileRef = 467661BE265542E7006B42B0 /* Extensions.swift */; };
		46A4F29D26510C3C00F0984E /* ResultLineView.swift in Sources */ = {isa = PBXBuildFile; fileRef = 46A4F29C26510C3C00F0984E /* ResultLineView.swift */; };
		46A4F29F26510D6500F0984E /* PriceLineView.swift in Sources */ = {isa = PBXBuildFile; fileRef = 46A4F29E26510D6500F0984E /* PriceLineView.swift */; };
		46D0510D2650633300A0B969 /* CalculatorView.swift in Sources */ = {isa = PBXBuildFile; fileRef = 46D0510C2650633300A0B969 /* CalculatorView.swift */; };
		46D05110265088CE00A0B969 /* SwiftUITrackableScrollView in Frameworks */ = {isa = PBXBuildFile; productRef = 46D0510F265088CE00A0B969 /* SwiftUITrackableScrollView */; };
/* End PBXBuildFile section */

/* Begin PBXContainerItemProxy section */
		465049B4263F282C007410D4 /* PBXContainerItemProxy */ = {
			isa = PBXContainerItemProxy;
			containerPortal = 46504995263F282B007410D4 /* Project object */;
			proxyType = 1;
			remoteGlobalIDString = 4650499C263F282B007410D4;
			remoteInfo = "Pizza Calculator";
		};
		465049BF263F282C007410D4 /* PBXContainerItemProxy */ = {
			isa = PBXContainerItemProxy;
			containerPortal = 46504995263F282B007410D4 /* Project object */;
			proxyType = 1;
			remoteGlobalIDString = 4650499C263F282B007410D4;
			remoteInfo = "Pizza Calculator";
		};
/* End PBXContainerItemProxy section */

/* Begin PBXFileReference section */
		462634BF2654F83100E9AC41 /* de */ = {isa = PBXFileReference; lastKnownFileType = text.plist.strings; name = de; path = de.lproj/Localizable.strings; sourceTree = "<group>"; };
		4646CA8F26472841006AEF42 /* Calculator.swift */ = {isa = PBXFileReference; lastKnownFileType = sourcecode.swift; path = Calculator.swift; sourceTree = "<group>"; };
		4650499D263F282B007410D4 /* Pizza Calculator.app */ = {isa = PBXFileReference; explicitFileType = wrapper.application; includeInIndex = 0; path = "Pizza Calculator.app"; sourceTree = BUILT_PRODUCTS_DIR; };
		465049A0263F282B007410D4 /* Pizza_CalculatorApp.swift */ = {isa = PBXFileReference; lastKnownFileType = sourcecode.swift; path = Pizza_CalculatorApp.swift; sourceTree = "<group>"; };
		465049A4263F282C007410D4 /* Assets.xcassets */ = {isa = PBXFileReference; lastKnownFileType = folder.assetcatalog; path = Assets.xcassets; sourceTree = "<group>"; };
		465049A7263F282C007410D4 /* Preview Assets.xcassets */ = {isa = PBXFileReference; lastKnownFileType = folder.assetcatalog; path = "Preview Assets.xcassets"; sourceTree = "<group>"; };
		465049A9263F282C007410D4 /* Persistence.swift */ = {isa = PBXFileReference; lastKnownFileType = sourcecode.swift; path = Persistence.swift; sourceTree = "<group>"; };
		465049AC263F282C007410D4 /* Pizza_Calculator.xcdatamodel */ = {isa = PBXFileReference; lastKnownFileType = wrapper.xcdatamodel; path = Pizza_Calculator.xcdatamodel; sourceTree = "<group>"; };
		465049AE263F282C007410D4 /* Info.plist */ = {isa = PBXFileReference; lastKnownFileType = text.plist.xml; path = Info.plist; sourceTree = "<group>"; };
		465049B3263F282C007410D4 /* Pizza CalculatorTests.xctest */ = {isa = PBXFileReference; explicitFileType = wrapper.cfbundle; includeInIndex = 0; path = "Pizza CalculatorTests.xctest"; sourceTree = BUILT_PRODUCTS_DIR; };
		465049B7263F282C007410D4 /* Pizza_CalculatorTests.swift */ = {isa = PBXFileReference; lastKnownFileType = sourcecode.swift; path = Pizza_CalculatorTests.swift; sourceTree = "<group>"; };
		465049B9263F282C007410D4 /* Info.plist */ = {isa = PBXFileReference; lastKnownFileType = text.plist.xml; path = Info.plist; sourceTree = "<group>"; };
		465049BE263F282C007410D4 /* Pizza CalculatorUITests.xctest */ = {isa = PBXFileReference; explicitFileType = wrapper.cfbundle; includeInIndex = 0; path = "Pizza CalculatorUITests.xctest"; sourceTree = BUILT_PRODUCTS_DIR; };
		465049C2263F282C007410D4 /* Pizza_CalculatorUITests.swift */ = {isa = PBXFileReference; lastKnownFileType = sourcecode.swift; path = Pizza_CalculatorUITests.swift; sourceTree = "<group>"; };
		465049C4263F282C007410D4 /* Info.plist */ = {isa = PBXFileReference; lastKnownFileType = text.plist.xml; path = Info.plist; sourceTree = "<group>"; };
		465049DE263F3C4B007410D4 /* SizeEditView.swift */ = {isa = PBXFileReference; lastKnownFileType = sourcecode.swift; path = SizeEditView.swift; sourceTree = "<group>"; };
		467661BD2655389D006B42B0 /* en */ = {isa = PBXFileReference; lastKnownFileType = text.plist.strings; name = en; path = en.lproj/Localizable.strings; sourceTree = "<group>"; };
		467661BE265542E7006B42B0 /* Extensions.swift */ = {isa = PBXFileReference; lastKnownFileType = sourcecode.swift; path = Extensions.swift; sourceTree = "<group>"; };
		46A4F29C26510C3C00F0984E /* ResultLineView.swift */ = {isa = PBXFileReference; lastKnownFileType = sourcecode.swift; path = ResultLineView.swift; sourceTree = "<group>"; };
		46A4F29E26510D6500F0984E /* PriceLineView.swift */ = {isa = PBXFileReference; lastKnownFileType = sourcecode.swift; path = PriceLineView.swift; sourceTree = "<group>"; };
		46D0510C2650633300A0B969 /* CalculatorView.swift */ = {isa = PBXFileReference; lastKnownFileType = sourcecode.swift; path = CalculatorView.swift; sourceTree = "<group>"; };
/* End PBXFileReference section */

/* Begin PBXFrameworksBuildPhase section */
		4650499A263F282B007410D4 /* Frameworks */ = {
			isa = PBXFrameworksBuildPhase;
			buildActionMask = 2147483647;
			files = (
				46D05110265088CE00A0B969 /* SwiftUITrackableScrollView in Frameworks */,
			);
			runOnlyForDeploymentPostprocessing = 0;
		};
		465049B0263F282C007410D4 /* Frameworks */ = {
			isa = PBXFrameworksBuildPhase;
			buildActionMask = 2147483647;
			files = (
			);
			runOnlyForDeploymentPostprocessing = 0;
		};
		465049BB263F282C007410D4 /* Frameworks */ = {
			isa = PBXFrameworksBuildPhase;
			buildActionMask = 2147483647;
			files = (
			);
			runOnlyForDeploymentPostprocessing = 0;
		};
/* End PBXFrameworksBuildPhase section */

/* Begin PBXGroup section */
		4646CA8D264727F9006AEF42 /* Views */ = {
			isa = PBXGroup;
			children = (
				465049DE263F3C4B007410D4 /* SizeEditView.swift */,
				46D0510C2650633300A0B969 /* CalculatorView.swift */,
			);
			path = Views;
			sourceTree = "<group>";
		};
		4646CA8E26472800006AEF42 /* Model */ = {
			isa = PBXGroup;
			children = (
				4646CA8F26472841006AEF42 /* Calculator.swift */,
			);
			path = Model;
			sourceTree = "<group>";
		};
		46504994263F282B007410D4 = {
			isa = PBXGroup;
			children = (
				4650499F263F282B007410D4 /* Pizza Calculator */,
				465049B6263F282C007410D4 /* Pizza CalculatorTests */,
				465049C1263F282C007410D4 /* Pizza CalculatorUITests */,
				4650499E263F282B007410D4 /* Products */,
			);
			sourceTree = "<group>";
		};
		4650499E263F282B007410D4 /* Products */ = {
			isa = PBXGroup;
			children = (
				4650499D263F282B007410D4 /* Pizza Calculator.app */,
				465049B3263F282C007410D4 /* Pizza CalculatorTests.xctest */,
				465049BE263F282C007410D4 /* Pizza CalculatorUITests.xctest */,
			);
			name = Products;
			sourceTree = "<group>";
		};
		4650499F263F282B007410D4 /* Pizza Calculator */ = {
			isa = PBXGroup;
			children = (
				465049A4263F282C007410D4 /* Assets.xcassets */,
				465049A6263F282C007410D4 /* Preview Content */,
				465049AE263F282C007410D4 /* Info.plist */,
				465049AB263F282C007410D4 /* Pizza_Calculator.xcdatamodeld */,
				465049A0263F282B007410D4 /* Pizza_CalculatorApp.swift */,
				465049A9263F282C007410D4 /* Persistence.swift */,
				467661BE265542E7006B42B0 /* Extensions.swift */,
				462634BE2654F7C800E9AC41 /* Localizable.strings */,
				46A4F29B26510C1700F0984E /* Components */,
				4646CA8D264727F9006AEF42 /* Views */,
				4646CA8E26472800006AEF42 /* Model */,
			);
			path = "Pizza Calculator";
			sourceTree = "<group>";
		};
		465049A6263F282C007410D4 /* Preview Content */ = {
			isa = PBXGroup;
			children = (
				465049A7263F282C007410D4 /* Preview Assets.xcassets */,
			);
			path = "Preview Content";
			sourceTree = "<group>";
		};
		465049B6263F282C007410D4 /* Pizza CalculatorTests */ = {
			isa = PBXGroup;
			children = (
				465049B7263F282C007410D4 /* Pizza_CalculatorTests.swift */,
				465049B9263F282C007410D4 /* Info.plist */,
			);
			path = "Pizza CalculatorTests";
			sourceTree = "<group>";
		};
		465049C1263F282C007410D4 /* Pizza CalculatorUITests */ = {
			isa = PBXGroup;
			children = (
				465049C2263F282C007410D4 /* Pizza_CalculatorUITests.swift */,
				465049C4263F282C007410D4 /* Info.plist */,
			);
			path = "Pizza CalculatorUITests";
			sourceTree = "<group>";
		};
		46A4F29B26510C1700F0984E /* Components */ = {
			isa = PBXGroup;
			children = (
				46A4F29C26510C3C00F0984E /* ResultLineView.swift */,
				46A4F29E26510D6500F0984E /* PriceLineView.swift */,
			);
			path = Components;
			sourceTree = "<group>";
		};
/* End PBXGroup section */

/* Begin PBXNativeTarget section */
		4650499C263F282B007410D4 /* Pizza Calculator */ = {
			isa = PBXNativeTarget;
			buildConfigurationList = 465049C7263F282C007410D4 /* Build configuration list for PBXNativeTarget "Pizza Calculator" */;
			buildPhases = (
				46504999263F282B007410D4 /* Sources */,
				4650499A263F282B007410D4 /* Frameworks */,
				4650499B263F282B007410D4 /* Resources */,
			);
			buildRules = (
			);
			dependencies = (
			);
			name = "Pizza Calculator";
			packageProductDependencies = (
				46D0510F265088CE00A0B969 /* SwiftUITrackableScrollView */,
			);
			productName = "Pizza Calculator";
			productReference = 4650499D263F282B007410D4 /* Pizza Calculator.app */;
			productType = "com.apple.product-type.application";
		};
		465049B2263F282C007410D4 /* Pizza CalculatorTests */ = {
			isa = PBXNativeTarget;
			buildConfigurationList = 465049CA263F282C007410D4 /* Build configuration list for PBXNativeTarget "Pizza CalculatorTests" */;
			buildPhases = (
				465049AF263F282C007410D4 /* Sources */,
				465049B0263F282C007410D4 /* Frameworks */,
				465049B1263F282C007410D4 /* Resources */,
			);
			buildRules = (
			);
			dependencies = (
				465049B5263F282C007410D4 /* PBXTargetDependency */,
			);
			name = "Pizza CalculatorTests";
			productName = "Pizza CalculatorTests";
			productReference = 465049B3263F282C007410D4 /* Pizza CalculatorTests.xctest */;
			productType = "com.apple.product-type.bundle.unit-test";
		};
		465049BD263F282C007410D4 /* Pizza CalculatorUITests */ = {
			isa = PBXNativeTarget;
			buildConfigurationList = 465049CD263F282C007410D4 /* Build configuration list for PBXNativeTarget "Pizza CalculatorUITests" */;
			buildPhases = (
				465049BA263F282C007410D4 /* Sources */,
				465049BB263F282C007410D4 /* Frameworks */,
				465049BC263F282C007410D4 /* Resources */,
			);
			buildRules = (
			);
			dependencies = (
				465049C0263F282C007410D4 /* PBXTargetDependency */,
			);
			name = "Pizza CalculatorUITests";
			productName = "Pizza CalculatorUITests";
			productReference = 465049BE263F282C007410D4 /* Pizza CalculatorUITests.xctest */;
			productType = "com.apple.product-type.bundle.ui-testing";
		};
/* End PBXNativeTarget section */

/* Begin PBXProject section */
		46504995263F282B007410D4 /* Project object */ = {
			isa = PBXProject;
			attributes = {
				LastSwiftUpdateCheck = 1250;
				LastUpgradeCheck = 1250;
				TargetAttributes = {
					4650499C263F282B007410D4 = {
						CreatedOnToolsVersion = 12.5;
					};
					465049B2263F282C007410D4 = {
						CreatedOnToolsVersion = 12.5;
						TestTargetID = 4650499C263F282B007410D4;
					};
					465049BD263F282C007410D4 = {
						CreatedOnToolsVersion = 12.5;
						TestTargetID = 4650499C263F282B007410D4;
					};
				};
			};
			buildConfigurationList = 46504998263F282B007410D4 /* Build configuration list for PBXProject "Pizza Calculator" */;
			compatibilityVersion = "Xcode 9.3";
			developmentRegion = en;
			hasScannedForEncodings = 0;
			knownRegions = (
				en,
				Base,
				de,
			);
			mainGroup = 46504994263F282B007410D4;
			packageReferences = (
				46D0510E265088CE00A0B969 /* XCRemoteSwiftPackageReference "trackable-scroll-view" */,
			);
			productRefGroup = 4650499E263F282B007410D4 /* Products */;
			projectDirPath = "";
			projectRoot = "";
			targets = (
				4650499C263F282B007410D4 /* Pizza Calculator */,
				465049B2263F282C007410D4 /* Pizza CalculatorTests */,
				465049BD263F282C007410D4 /* Pizza CalculatorUITests */,
			);
		};
/* End PBXProject section */

/* Begin PBXResourcesBuildPhase section */
		4650499B263F282B007410D4 /* Resources */ = {
			isa = PBXResourcesBuildPhase;
			buildActionMask = 2147483647;
			files = (
				465049A8263F282C007410D4 /* Preview Assets.xcassets in Resources */,
				462634BC2654F7C800E9AC41 /* Localizable.strings in Resources */,
				465049A5263F282C007410D4 /* Assets.xcassets in Resources */,
			);
			runOnlyForDeploymentPostprocessing = 0;
		};
		465049B1263F282C007410D4 /* Resources */ = {
			isa = PBXResourcesBuildPhase;
			buildActionMask = 2147483647;
			files = (
			);
			runOnlyForDeploymentPostprocessing = 0;
		};
		465049BC263F282C007410D4 /* Resources */ = {
			isa = PBXResourcesBuildPhase;
			buildActionMask = 2147483647;
			files = (
			);
			runOnlyForDeploymentPostprocessing = 0;
		};
/* End PBXResourcesBuildPhase section */

/* Begin PBXSourcesBuildPhase section */
		46504999263F282B007410D4 /* Sources */ = {
			isa = PBXSourcesBuildPhase;
			buildActionMask = 2147483647;
			files = (
				465049AD263F282C007410D4 /* Pizza_Calculator.xcdatamodeld in Sources */,
				467661BF265542E7006B42B0 /* Extensions.swift in Sources */,
				46A4F29D26510C3C00F0984E /* ResultLineView.swift in Sources */,
				465049AA263F282C007410D4 /* Persistence.swift in Sources */,
				4646CA9026472841006AEF42 /* Calculator.swift in Sources */,
				46A4F29F26510D6500F0984E /* PriceLineView.swift in Sources */,
				46D0510D2650633300A0B969 /* CalculatorView.swift in Sources */,
				465049DF263F3C4B007410D4 /* SizeEditView.swift in Sources */,
				465049A1263F282B007410D4 /* Pizza_CalculatorApp.swift in Sources */,
			);
			runOnlyForDeploymentPostprocessing = 0;
		};
		465049AF263F282C007410D4 /* Sources */ = {
			isa = PBXSourcesBuildPhase;
			buildActionMask = 2147483647;
			files = (
				465049B8263F282C007410D4 /* Pizza_CalculatorTests.swift in Sources */,
			);
			runOnlyForDeploymentPostprocessing = 0;
		};
		465049BA263F282C007410D4 /* Sources */ = {
			isa = PBXSourcesBuildPhase;
			buildActionMask = 2147483647;
			files = (
				465049C3263F282C007410D4 /* Pizza_CalculatorUITests.swift in Sources */,
			);
			runOnlyForDeploymentPostprocessing = 0;
		};
/* End PBXSourcesBuildPhase section */

/* Begin PBXTargetDependency section */
		465049B5263F282C007410D4 /* PBXTargetDependency */ = {
			isa = PBXTargetDependency;
			target = 4650499C263F282B007410D4 /* Pizza Calculator */;
			targetProxy = 465049B4263F282C007410D4 /* PBXContainerItemProxy */;
		};
		465049C0263F282C007410D4 /* PBXTargetDependency */ = {
			isa = PBXTargetDependency;
			target = 4650499C263F282B007410D4 /* Pizza Calculator */;
			targetProxy = 465049BF263F282C007410D4 /* PBXContainerItemProxy */;
		};
/* End PBXTargetDependency section */

/* Begin PBXVariantGroup section */
		462634BE2654F7C800E9AC41 /* Localizable.strings */ = {
			isa = PBXVariantGroup;
			children = (
				462634BF2654F83100E9AC41 /* de */,
				467661BD2655389D006B42B0 /* en */,
			);
			name = Localizable.strings;
			sourceTree = "<group>";
		};
/* End PBXVariantGroup section */

/* Begin XCBuildConfiguration section */
		465049C5263F282C007410D4 /* Debug */ = {
			isa = XCBuildConfiguration;
			buildSettings = {
				ALWAYS_SEARCH_USER_PATHS = NO;
				CLANG_ANALYZER_LOCALIZABILITY_NONLOCALIZED = YES;
				CLANG_ANALYZER_NONNULL = YES;
				CLANG_ANALYZER_NUMBER_OBJECT_CONVERSION = YES_AGGRESSIVE;
				CLANG_CXX_LANGUAGE_STANDARD = "gnu++14";
				CLANG_CXX_LIBRARY = "libc++";
				CLANG_ENABLE_MODULES = YES;
				CLANG_ENABLE_OBJC_ARC = YES;
				CLANG_ENABLE_OBJC_WEAK = YES;
				CLANG_WARN_BLOCK_CAPTURE_AUTORELEASING = YES;
				CLANG_WARN_BOOL_CONVERSION = YES;
				CLANG_WARN_COMMA = YES;
				CLANG_WARN_CONSTANT_CONVERSION = YES;
				CLANG_WARN_DEPRECATED_OBJC_IMPLEMENTATIONS = YES;
				CLANG_WARN_DIRECT_OBJC_ISA_USAGE = YES_ERROR;
				CLANG_WARN_DOCUMENTATION_COMMENTS = YES;
				CLANG_WARN_EMPTY_BODY = YES;
				CLANG_WARN_ENUM_CONVERSION = YES;
				CLANG_WARN_INFINITE_RECURSION = YES;
				CLANG_WARN_INT_CONVERSION = YES;
				CLANG_WARN_NON_LITERAL_NULL_CONVERSION = YES;
				CLANG_WARN_OBJC_IMPLICIT_RETAIN_SELF = YES;
				CLANG_WARN_OBJC_LITERAL_CONVERSION = YES;
				CLANG_WARN_OBJC_ROOT_CLASS = YES_ERROR;
				CLANG_WARN_QUOTED_INCLUDE_IN_FRAMEWORK_HEADER = YES;
				CLANG_WARN_RANGE_LOOP_ANALYSIS = YES;
				CLANG_WARN_STRICT_PROTOTYPES = YES;
				CLANG_WARN_SUSPICIOUS_MOVE = YES;
				CLANG_WARN_UNGUARDED_AVAILABILITY = YES_AGGRESSIVE;
				CLANG_WARN_UNREACHABLE_CODE = YES;
				CLANG_WARN__DUPLICATE_METHOD_MATCH = YES;
				COPY_PHASE_STRIP = NO;
				DEBUG_INFORMATION_FORMAT = dwarf;
				ENABLE_STRICT_OBJC_MSGSEND = YES;
				ENABLE_TESTABILITY = YES;
				GCC_C_LANGUAGE_STANDARD = gnu11;
				GCC_DYNAMIC_NO_PIC = NO;
				GCC_NO_COMMON_BLOCKS = YES;
				GCC_OPTIMIZATION_LEVEL = 0;
				GCC_PREPROCESSOR_DEFINITIONS = (
					"DEBUG=1",
					"$(inherited)",
				);
				GCC_WARN_64_TO_32_BIT_CONVERSION = YES;
				GCC_WARN_ABOUT_RETURN_TYPE = YES_ERROR;
				GCC_WARN_UNDECLARED_SELECTOR = YES;
				GCC_WARN_UNINITIALIZED_AUTOS = YES_AGGRESSIVE;
				GCC_WARN_UNUSED_FUNCTION = YES;
				GCC_WARN_UNUSED_VARIABLE = YES;
				IPHONEOS_DEPLOYMENT_TARGET = 14.5;
				MTL_ENABLE_DEBUG_INFO = INCLUDE_SOURCE;
				MTL_FAST_MATH = YES;
				ONLY_ACTIVE_ARCH = YES;
				SDKROOT = iphoneos;
				SWIFT_ACTIVE_COMPILATION_CONDITIONS = DEBUG;
				SWIFT_OPTIMIZATION_LEVEL = "-Onone";
			};
			name = Debug;
		};
		465049C6263F282C007410D4 /* Release */ = {
			isa = XCBuildConfiguration;
			buildSettings = {
				ALWAYS_SEARCH_USER_PATHS = NO;
				CLANG_ANALYZER_LOCALIZABILITY_NONLOCALIZED = YES;
				CLANG_ANALYZER_NONNULL = YES;
				CLANG_ANALYZER_NUMBER_OBJECT_CONVERSION = YES_AGGRESSIVE;
				CLANG_CXX_LANGUAGE_STANDARD = "gnu++14";
				CLANG_CXX_LIBRARY = "libc++";
				CLANG_ENABLE_MODULES = YES;
				CLANG_ENABLE_OBJC_ARC = YES;
				CLANG_ENABLE_OBJC_WEAK = YES;
				CLANG_WARN_BLOCK_CAPTURE_AUTORELEASING = YES;
				CLANG_WARN_BOOL_CONVERSION = YES;
				CLANG_WARN_COMMA = YES;
				CLANG_WARN_CONSTANT_CONVERSION = YES;
				CLANG_WARN_DEPRECATED_OBJC_IMPLEMENTATIONS = YES;
				CLANG_WARN_DIRECT_OBJC_ISA_USAGE = YES_ERROR;
				CLANG_WARN_DOCUMENTATION_COMMENTS = YES;
				CLANG_WARN_EMPTY_BODY = YES;
				CLANG_WARN_ENUM_CONVERSION = YES;
				CLANG_WARN_INFINITE_RECURSION = YES;
				CLANG_WARN_INT_CONVERSION = YES;
				CLANG_WARN_NON_LITERAL_NULL_CONVERSION = YES;
				CLANG_WARN_OBJC_IMPLICIT_RETAIN_SELF = YES;
				CLANG_WARN_OBJC_LITERAL_CONVERSION = YES;
				CLANG_WARN_OBJC_ROOT_CLASS = YES_ERROR;
				CLANG_WARN_QUOTED_INCLUDE_IN_FRAMEWORK_HEADER = YES;
				CLANG_WARN_RANGE_LOOP_ANALYSIS = YES;
				CLANG_WARN_STRICT_PROTOTYPES = YES;
				CLANG_WARN_SUSPICIOUS_MOVE = YES;
				CLANG_WARN_UNGUARDED_AVAILABILITY = YES_AGGRESSIVE;
				CLANG_WARN_UNREACHABLE_CODE = YES;
				CLANG_WARN__DUPLICATE_METHOD_MATCH = YES;
				COPY_PHASE_STRIP = NO;
				DEBUG_INFORMATION_FORMAT = "dwarf-with-dsym";
				ENABLE_NS_ASSERTIONS = NO;
				ENABLE_STRICT_OBJC_MSGSEND = YES;
				GCC_C_LANGUAGE_STANDARD = gnu11;
				GCC_NO_COMMON_BLOCKS = YES;
				GCC_WARN_64_TO_32_BIT_CONVERSION = YES;
				GCC_WARN_ABOUT_RETURN_TYPE = YES_ERROR;
				GCC_WARN_UNDECLARED_SELECTOR = YES;
				GCC_WARN_UNINITIALIZED_AUTOS = YES_AGGRESSIVE;
				GCC_WARN_UNUSED_FUNCTION = YES;
				GCC_WARN_UNUSED_VARIABLE = YES;
				IPHONEOS_DEPLOYMENT_TARGET = 14.5;
				MTL_ENABLE_DEBUG_INFO = NO;
				MTL_FAST_MATH = YES;
				SDKROOT = iphoneos;
				SWIFT_COMPILATION_MODE = wholemodule;
				SWIFT_OPTIMIZATION_LEVEL = "-O";
				VALIDATE_PRODUCT = YES;
			};
			name = Release;
		};
		465049C8263F282C007410D4 /* Debug */ = {
			isa = XCBuildConfiguration;
			buildSettings = {
				ASSETCATALOG_COMPILER_APPICON_NAME = AppIcon;
				ASSETCATALOG_COMPILER_GLOBAL_ACCENT_COLOR_NAME = AccentColor;
				CODE_SIGN_STYLE = Automatic;
				DEVELOPMENT_ASSET_PATHS = "\"Pizza Calculator/Preview Content\"";
				DEVELOPMENT_TEAM = P8WLDK6S5Z;
				ENABLE_PREVIEWS = YES;
				INFOPLIST_FILE = "Pizza Calculator/Info.plist";
				IPHONEOS_DEPLOYMENT_TARGET = 14.0;
				LD_RUNPATH_SEARCH_PATHS = (
					"$(inherited)",
					"@executable_path/Frameworks",
				);
				PRODUCT_BUNDLE_IDENTIFIER = "me.llorenz.Pizza-Calculator";
				PRODUCT_NAME = "$(TARGET_NAME)";
				SWIFT_VERSION = 5.0;
				TARGETED_DEVICE_FAMILY = 1;
			};
			name = Debug;
		};
		465049C9263F282C007410D4 /* Release */ = {
			isa = XCBuildConfiguration;
			buildSettings = {
				ASSETCATALOG_COMPILER_APPICON_NAME = AppIcon;
				ASSETCATALOG_COMPILER_GLOBAL_ACCENT_COLOR_NAME = AccentColor;
				CODE_SIGN_STYLE = Automatic;
				DEVELOPMENT_ASSET_PATHS = "\"Pizza Calculator/Preview Content\"";
				DEVELOPMENT_TEAM = P8WLDK6S5Z;
				ENABLE_PREVIEWS = YES;
				INFOPLIST_FILE = "Pizza Calculator/Info.plist";
				IPHONEOS_DEPLOYMENT_TARGET = 14.0;
				LD_RUNPATH_SEARCH_PATHS = (
					"$(inherited)",
					"@executable_path/Frameworks",
				);
				PRODUCT_BUNDLE_IDENTIFIER = "me.llorenz.Pizza-Calculator";
				PRODUCT_NAME = "$(TARGET_NAME)";
				SWIFT_VERSION = 5.0;
				TARGETED_DEVICE_FAMILY = 1;
			};
			name = Release;
		};
		465049CB263F282C007410D4 /* Debug */ = {
			isa = XCBuildConfiguration;
			buildSettings = {
				ALWAYS_EMBED_SWIFT_STANDARD_LIBRARIES = YES;
				BUNDLE_LOADER = "$(TEST_HOST)";
				CODE_SIGN_STYLE = Automatic;
				DEVELOPMENT_TEAM = P8WLDK6S5Z;
				INFOPLIST_FILE = "Pizza CalculatorTests/Info.plist";
				IPHONEOS_DEPLOYMENT_TARGET = 14.0;
				LD_RUNPATH_SEARCH_PATHS = (
					"$(inherited)",
					"@executable_path/Frameworks",
					"@loader_path/Frameworks",
				);
				PRODUCT_BUNDLE_IDENTIFIER = "me.llorenz.Pizza-CalculatorTests";
				PRODUCT_NAME = "$(TARGET_NAME)";
				SWIFT_VERSION = 5.0;
				TARGETED_DEVICE_FAMILY = "1,2";
				TEST_HOST = "$(BUILT_PRODUCTS_DIR)/Pizza Calculator.app/Pizza Calculator";
			};
			name = Debug;
		};
		465049CC263F282C007410D4 /* Release */ = {
			isa = XCBuildConfiguration;
			buildSettings = {
				ALWAYS_EMBED_SWIFT_STANDARD_LIBRARIES = YES;
				BUNDLE_LOADER = "$(TEST_HOST)";
				CODE_SIGN_STYLE = Automatic;
				DEVELOPMENT_TEAM = P8WLDK6S5Z;
				INFOPLIST_FILE = "Pizza CalculatorTests/Info.plist";
				IPHONEOS_DEPLOYMENT_TARGET = 14.0;
				LD_RUNPATH_SEARCH_PATHS = (
					"$(inherited)",
					"@executable_path/Frameworks",
					"@loader_path/Frameworks",
				);
				PRODUCT_BUNDLE_IDENTIFIER = "me.llorenz.Pizza-CalculatorTests";
				PRODUCT_NAME = "$(TARGET_NAME)";
				SWIFT_VERSION = 5.0;
				TARGETED_DEVICE_FAMILY = "1,2";
				TEST_HOST = "$(BUILT_PRODUCTS_DIR)/Pizza Calculator.app/Pizza Calculator";
			};
			name = Release;
		};
		465049CE263F282C007410D4 /* Debug */ = {
			isa = XCBuildConfiguration;
			buildSettings = {
				ALWAYS_EMBED_SWIFT_STANDARD_LIBRARIES = YES;
				CODE_SIGN_STYLE = Automatic;
				DEVELOPMENT_TEAM = P8WLDK6S5Z;
				INFOPLIST_FILE = "Pizza CalculatorUITests/Info.plist";
				LD_RUNPATH_SEARCH_PATHS = (
					"$(inherited)",
					"@executable_path/Frameworks",
					"@loader_path/Frameworks",
				);
				PRODUCT_BUNDLE_IDENTIFIER = "me.llorenz.Pizza-CalculatorUITests";
				PRODUCT_NAME = "$(TARGET_NAME)";
				SWIFT_VERSION = 5.0;
				TARGETED_DEVICE_FAMILY = "1,2";
				TEST_TARGET_NAME = "Pizza Calculator";
			};
			name = Debug;
		};
		465049CF263F282C007410D4 /* Release */ = {
			isa = XCBuildConfiguration;
			buildSettings = {
				ALWAYS_EMBED_SWIFT_STANDARD_LIBRARIES = YES;
				CODE_SIGN_STYLE = Automatic;
				DEVELOPMENT_TEAM = P8WLDK6S5Z;
				INFOPLIST_FILE = "Pizza CalculatorUITests/Info.plist";
				LD_RUNPATH_SEARCH_PATHS = (
					"$(inherited)",
					"@executable_path/Frameworks",
					"@loader_path/Frameworks",
				);
				PRODUCT_BUNDLE_IDENTIFIER = "me.llorenz.Pizza-CalculatorUITests";
				PRODUCT_NAME = "$(TARGET_NAME)";
				SWIFT_VERSION = 5.0;
				TARGETED_DEVICE_FAMILY = "1,2";
				TEST_TARGET_NAME = "Pizza Calculator";
			};
			name = Release;
		};
/* End XCBuildConfiguration section */

/* Begin XCConfigurationList section */
		46504998263F282B007410D4 /* Build configuration list for PBXProject "Pizza Calculator" */ = {
			isa = XCConfigurationList;
			buildConfigurations = (
				465049C5263F282C007410D4 /* Debug */,
				465049C6263F282C007410D4 /* Release */,
			);
			defaultConfigurationIsVisible = 0;
			defaultConfigurationName = Release;
		};
		465049C7263F282C007410D4 /* Build configuration list for PBXNativeTarget "Pizza Calculator" */ = {
			isa = XCConfigurationList;
			buildConfigurations = (
				465049C8263F282C007410D4 /* Debug */,
				465049C9263F282C007410D4 /* Release */,
			);
			defaultConfigurationIsVisible = 0;
			defaultConfigurationName = Release;
		};
		465049CA263F282C007410D4 /* Build configuration list for PBXNativeTarget "Pizza CalculatorTests" */ = {
			isa = XCConfigurationList;
			buildConfigurations = (
				465049CB263F282C007410D4 /* Debug */,
				465049CC263F282C007410D4 /* Release */,
			);
			defaultConfigurationIsVisible = 0;
			defaultConfigurationName = Release;
		};
		465049CD263F282C007410D4 /* Build configuration list for PBXNativeTarget "Pizza CalculatorUITests" */ = {
			isa = XCConfigurationList;
			buildConfigurations = (
				465049CE263F282C007410D4 /* Debug */,
				465049CF263F282C007410D4 /* Release */,
			);
			defaultConfigurationIsVisible = 0;
			defaultConfigurationName = Release;
		};
/* End XCConfigurationList section */

/* Begin XCRemoteSwiftPackageReference section */
		46D0510E265088CE00A0B969 /* XCRemoteSwiftPackageReference "trackable-scroll-view" */ = {
			isa = XCRemoteSwiftPackageReference;
			repositoryURL = "https://github.com/maxnatchanon/trackable-scroll-view.git";
			requirement = {
				branch = master;
				kind = branch;
			};
		};
/* End XCRemoteSwiftPackageReference section */

/* Begin XCSwiftPackageProductDependency section */
		46D0510F265088CE00A0B969 /* SwiftUITrackableScrollView */ = {
			isa = XCSwiftPackageProductDependency;
			package = 46D0510E265088CE00A0B969 /* XCRemoteSwiftPackageReference "trackable-scroll-view" */;
			productName = SwiftUITrackableScrollView;
		};
/* End XCSwiftPackageProductDependency section */

/* Begin XCVersionGroup section */
		465049AB263F282C007410D4 /* Pizza_Calculator.xcdatamodeld */ = {
			isa = XCVersionGroup;
			children = (
				465049AC263F282C007410D4 /* Pizza_Calculator.xcdatamodel */,
			);
			currentVersion = 465049AC263F282C007410D4 /* Pizza_Calculator.xcdatamodel */;
			path = Pizza_Calculator.xcdatamodeld;
			sourceTree = "<group>";
			versionGroupType = wrapper.xcdatamodel;
		};
/* End XCVersionGroup section */
	};
	rootObject = 46504995263F282B007410D4 /* Project object */;
}
