// !$*UTF8*$!
{
	archiveVersion = 1;
	classes = {
	};
	objectVersion = 52;
	objects = {

/* Begin PBXBuildFile section */
		460D9A6226612E980002A261 /* PizzaPrezzo.xcdatamodeld in Sources */ = {isa = PBXBuildFile; fileRef = 460D9A6026612E980002A261 /* PizzaPrezzo.xcdatamodeld */; };
		463975752661268E00DE6179 /* PizzaPrezzoApp.swift in Sources */ = {isa = PBXBuildFile; fileRef = 463975742661268E00DE6179 /* PizzaPrezzoApp.swift */; };
		463975792661268F00DE6179 /* Assets.xcassets in Resources */ = {isa = PBXBuildFile; fileRef = 463975782661268F00DE6179 /* Assets.xcassets */; };
		4639757C2661268F00DE6179 /* Preview Assets.xcassets in Resources */ = {isa = PBXBuildFile; fileRef = 4639757B2661268F00DE6179 /* Preview Assets.xcassets */; };
		4639757E2661268F00DE6179 /* Persistence.swift in Sources */ = {isa = PBXBuildFile; fileRef = 4639757D2661268F00DE6179 /* Persistence.swift */; };
		4639758C2661269000DE6179 /* PizzaPrezzoTests.swift in Sources */ = {isa = PBXBuildFile; fileRef = 4639758B2661269000DE6179 /* PizzaPrezzoTests.swift */; };
		463975972661269000DE6179 /* PizzaPrezzoUITests.swift in Sources */ = {isa = PBXBuildFile; fileRef = 463975962661269000DE6179 /* PizzaPrezzoUITests.swift */; };
		463975B12661276E00DE6179 /* Extensions.swift in Sources */ = {isa = PBXBuildFile; fileRef = 463975A92661276E00DE6179 /* Extensions.swift */; };
		463975B5266127DB00DE6179 /* Localizable.strings in Resources */ = {isa = PBXBuildFile; fileRef = 463975B7266127DB00DE6179 /* Localizable.strings */; };
		463975BB266128AD00DE6179 /* PriceLineView.swift in Sources */ = {isa = PBXBuildFile; fileRef = 463975BA266128AD00DE6179 /* PriceLineView.swift */; };
		463975BD266128B100DE6179 /* ResultLineView.swift in Sources */ = {isa = PBXBuildFile; fileRef = 463975BC266128B100DE6179 /* ResultLineView.swift */; };
		463975C0266128E500DE6179 /* Calculator.swift in Sources */ = {isa = PBXBuildFile; fileRef = 463975BF266128E500DE6179 /* Calculator.swift */; };
		463975C42661294800DE6179 /* CalculatorView.swift in Sources */ = {isa = PBXBuildFile; fileRef = 463975C22661294800DE6179 /* CalculatorView.swift */; };
		463975C52661294800DE6179 /* SizeEditView.swift in Sources */ = {isa = PBXBuildFile; fileRef = 463975C32661294800DE6179 /* SizeEditView.swift */; };
		464271FF266180B000D1B3A7 /* SupportView.swift in Sources */ = {isa = PBXBuildFile; fileRef = 464271FE266180B000D1B3A7 /* SupportView.swift */; };
		4642720326626AAD00D1B3A7 /* IntroductionView.swift in Sources */ = {isa = PBXBuildFile; fileRef = 4642720226626AAD00D1B3A7 /* IntroductionView.swift */; };
		4642720526626B7C00D1B3A7 /* ModalView.swift in Sources */ = {isa = PBXBuildFile; fileRef = 4642720426626B7C00D1B3A7 /* ModalView.swift */; };
		4642720726626E3900D1B3A7 /* ButtonView.swift in Sources */ = {isa = PBXBuildFile; fileRef = 4642720626626E3900D1B3A7 /* ButtonView.swift */; };
		4666B22226612BDC00A597E0 /* SwiftUITrackableScrollView in Frameworks */ = {isa = PBXBuildFile; productRef = 4666B22126612BDC00A597E0 /* SwiftUITrackableScrollView */; };
/* End PBXBuildFile section */

/* Begin PBXContainerItemProxy section */
		463975882661269000DE6179 /* PBXContainerItemProxy */ = {
			isa = PBXContainerItemProxy;
			containerPortal = 463975692661268E00DE6179 /* Project object */;
			proxyType = 1;
			remoteGlobalIDString = 463975702661268E00DE6179;
			remoteInfo = PizzaPrezzo;
		};
		463975932661269000DE6179 /* PBXContainerItemProxy */ = {
			isa = PBXContainerItemProxy;
			containerPortal = 463975692661268E00DE6179 /* Project object */;
			proxyType = 1;
			remoteGlobalIDString = 463975702661268E00DE6179;
			remoteInfo = PizzaPrezzo;
		};
/* End PBXContainerItemProxy section */

/* Begin PBXFileReference section */
		460D9A6126612E980002A261 /* PizzaPrezzo.xcdatamodel */ = {isa = PBXFileReference; lastKnownFileType = wrapper.xcdatamodel; path = PizzaPrezzo.xcdatamodel; sourceTree = "<group>"; };
		463975712661268E00DE6179 /* PizzaPrezzo.app */ = {isa = PBXFileReference; explicitFileType = wrapper.application; includeInIndex = 0; path = PizzaPrezzo.app; sourceTree = BUILT_PRODUCTS_DIR; };
		463975742661268E00DE6179 /* PizzaPrezzoApp.swift */ = {isa = PBXFileReference; lastKnownFileType = sourcecode.swift; path = PizzaPrezzoApp.swift; sourceTree = "<group>"; };
		463975782661268F00DE6179 /* Assets.xcassets */ = {isa = PBXFileReference; lastKnownFileType = folder.assetcatalog; path = Assets.xcassets; sourceTree = "<group>"; };
		4639757B2661268F00DE6179 /* Preview Assets.xcassets */ = {isa = PBXFileReference; lastKnownFileType = folder.assetcatalog; path = "Preview Assets.xcassets"; sourceTree = "<group>"; };
		4639757D2661268F00DE6179 /* Persistence.swift */ = {isa = PBXFileReference; lastKnownFileType = sourcecode.swift; path = Persistence.swift; sourceTree = "<group>"; };
		463975822661268F00DE6179 /* Info.plist */ = {isa = PBXFileReference; lastKnownFileType = text.plist.xml; path = Info.plist; sourceTree = "<group>"; };
		463975872661269000DE6179 /* PizzaPrezzoTests.xctest */ = {isa = PBXFileReference; explicitFileType = wrapper.cfbundle; includeInIndex = 0; path = PizzaPrezzoTests.xctest; sourceTree = BUILT_PRODUCTS_DIR; };
		4639758B2661269000DE6179 /* PizzaPrezzoTests.swift */ = {isa = PBXFileReference; lastKnownFileType = sourcecode.swift; path = PizzaPrezzoTests.swift; sourceTree = "<group>"; };
		4639758D2661269000DE6179 /* Info.plist */ = {isa = PBXFileReference; lastKnownFileType = text.plist.xml; path = Info.plist; sourceTree = "<group>"; };
		463975922661269000DE6179 /* PizzaPrezzoUITests.xctest */ = {isa = PBXFileReference; explicitFileType = wrapper.cfbundle; includeInIndex = 0; path = PizzaPrezzoUITests.xctest; sourceTree = BUILT_PRODUCTS_DIR; };
		463975962661269000DE6179 /* PizzaPrezzoUITests.swift */ = {isa = PBXFileReference; lastKnownFileType = sourcecode.swift; path = PizzaPrezzoUITests.swift; sourceTree = "<group>"; };
		463975982661269000DE6179 /* Info.plist */ = {isa = PBXFileReference; lastKnownFileType = text.plist.xml; path = Info.plist; sourceTree = "<group>"; };
		463975A92661276E00DE6179 /* Extensions.swift */ = {isa = PBXFileReference; fileEncoding = 4; lastKnownFileType = sourcecode.swift; name = Extensions.swift; path = PizzaPrezzo/Model/Extensions.swift; sourceTree = SOURCE_ROOT; };
		463975B6266127DB00DE6179 /* en */ = {isa = PBXFileReference; lastKnownFileType = text.plist.strings; name = en; path = en.lproj/Localizable.strings; sourceTree = "<group>"; };
		463975B8266127DE00DE6179 /* de */ = {isa = PBXFileReference; lastKnownFileType = text.plist.strings; name = de; path = de.lproj/Localizable.strings; sourceTree = "<group>"; };
		463975BA266128AD00DE6179 /* PriceLineView.swift */ = {isa = PBXFileReference; lastKnownFileType = sourcecode.swift; path = PriceLineView.swift; sourceTree = "<group>"; };
		463975BC266128B100DE6179 /* ResultLineView.swift */ = {isa = PBXFileReference; lastKnownFileType = sourcecode.swift; path = ResultLineView.swift; sourceTree = "<group>"; };
		463975BF266128E500DE6179 /* Calculator.swift */ = {isa = PBXFileReference; fileEncoding = 4; lastKnownFileType = sourcecode.swift; path = Calculator.swift; sourceTree = "<group>"; };
		463975C22661294800DE6179 /* CalculatorView.swift */ = {isa = PBXFileReference; fileEncoding = 4; lastKnownFileType = sourcecode.swift; path = CalculatorView.swift; sourceTree = "<group>"; };
		463975C32661294800DE6179 /* SizeEditView.swift */ = {isa = PBXFileReference; fileEncoding = 4; lastKnownFileType = sourcecode.swift; path = SizeEditView.swift; sourceTree = "<group>"; };
		464271FE266180B000D1B3A7 /* SupportView.swift */ = {isa = PBXFileReference; lastKnownFileType = sourcecode.swift; path = SupportView.swift; sourceTree = "<group>"; };
		4642720226626AAD00D1B3A7 /* IntroductionView.swift */ = {isa = PBXFileReference; lastKnownFileType = sourcecode.swift; path = IntroductionView.swift; sourceTree = "<group>"; };
		4642720426626B7C00D1B3A7 /* ModalView.swift */ = {isa = PBXFileReference; lastKnownFileType = sourcecode.swift; path = ModalView.swift; sourceTree = "<group>"; };
		4642720626626E3900D1B3A7 /* ButtonView.swift */ = {isa = PBXFileReference; lastKnownFileType = sourcecode.swift; path = ButtonView.swift; sourceTree = "<group>"; };
/* End PBXFileReference section */

/* Begin PBXFrameworksBuildPhase section */
		4639756E2661268E00DE6179 /* Frameworks */ = {
			isa = PBXFrameworksBuildPhase;
			buildActionMask = 2147483647;
			files = (
				4666B22226612BDC00A597E0 /* SwiftUITrackableScrollView in Frameworks */,
			);
			runOnlyForDeploymentPostprocessing = 0;
		};
		463975842661269000DE6179 /* Frameworks */ = {
			isa = PBXFrameworksBuildPhase;
			buildActionMask = 2147483647;
			files = (
			);
			runOnlyForDeploymentPostprocessing = 0;
		};
		4639758F2661269000DE6179 /* Frameworks */ = {
			isa = PBXFrameworksBuildPhase;
			buildActionMask = 2147483647;
			files = (
			);
			runOnlyForDeploymentPostprocessing = 0;
		};
/* End PBXFrameworksBuildPhase section */

/* Begin PBXGroup section */
		463975682661268E00DE6179 = {
			isa = PBXGroup;
			children = (
				463975732661268E00DE6179 /* PizzaPrezzo */,
				4639758A2661269000DE6179 /* PizzaPrezzoTests */,
				463975952661269000DE6179 /* PizzaPrezzoUITests */,
				463975722661268E00DE6179 /* Products */,
			);
			sourceTree = "<group>";
		};
		463975722661268E00DE6179 /* Products */ = {
			isa = PBXGroup;
			children = (
				463975712661268E00DE6179 /* PizzaPrezzo.app */,
				463975872661269000DE6179 /* PizzaPrezzoTests.xctest */,
				463975922661269000DE6179 /* PizzaPrezzoUITests.xctest */,
			);
			name = Products;
			sourceTree = "<group>";
		};
		463975732661268E00DE6179 /* PizzaPrezzo */ = {
			isa = PBXGroup;
			children = (
				463975782661268F00DE6179 /* Assets.xcassets */,
				463975822661268F00DE6179 /* Info.plist */,
				460D9A6026612E980002A261 /* PizzaPrezzo.xcdatamodeld */,
				463975B7266127DB00DE6179 /* Localizable.strings */,
				463975742661268E00DE6179 /* PizzaPrezzoApp.swift */,
				4639757D2661268F00DE6179 /* Persistence.swift */,
				463975BE266128D000DE6179 /* Model */,
				463975B92661286700DE6179 /* Components */,
				463975C12661294000DE6179 /* Views */,
				4639757A2661268F00DE6179 /* Preview Content */,
			);
			path = PizzaPrezzo;
			sourceTree = "<group>";
		};
		4639757A2661268F00DE6179 /* Preview Content */ = {
			isa = PBXGroup;
			children = (
				4639757B2661268F00DE6179 /* Preview Assets.xcassets */,
			);
			path = "Preview Content";
			sourceTree = "<group>";
		};
		4639758A2661269000DE6179 /* PizzaPrezzoTests */ = {
			isa = PBXGroup;
			children = (
				4639758B2661269000DE6179 /* PizzaPrezzoTests.swift */,
				4639758D2661269000DE6179 /* Info.plist */,
			);
			path = PizzaPrezzoTests;
			sourceTree = "<group>";
		};
		463975952661269000DE6179 /* PizzaPrezzoUITests */ = {
			isa = PBXGroup;
			children = (
				463975962661269000DE6179 /* PizzaPrezzoUITests.swift */,
				463975982661269000DE6179 /* Info.plist */,
			);
			path = PizzaPrezzoUITests;
			sourceTree = "<group>";
		};
		463975B92661286700DE6179 /* Components */ = {
			isa = PBXGroup;
			children = (
				463975BA266128AD00DE6179 /* PriceLineView.swift */,
				463975BC266128B100DE6179 /* ResultLineView.swift */,
				4642720426626B7C00D1B3A7 /* ModalView.swift */,
				4642720626626E3900D1B3A7 /* ButtonView.swift */,
			);
			path = Components;
			sourceTree = "<group>";
		};
		463975BE266128D000DE6179 /* Model */ = {
			isa = PBXGroup;
			children = (
				463975A92661276E00DE6179 /* Extensions.swift */,
				463975BF266128E500DE6179 /* Calculator.swift */,
			);
			path = Model;
			sourceTree = "<group>";
		};
		463975C12661294000DE6179 /* Views */ = {
			isa = PBXGroup;
			children = (
				463975C22661294800DE6179 /* CalculatorView.swift */,
				463975C32661294800DE6179 /* SizeEditView.swift */,
				464271FE266180B000D1B3A7 /* SupportView.swift */,
				4642720226626AAD00D1B3A7 /* IntroductionView.swift */,
			);
			path = Views;
			sourceTree = "<group>";
		};
/* End PBXGroup section */

/* Begin PBXNativeTarget section */
		463975702661268E00DE6179 /* PizzaPrezzo */ = {
			isa = PBXNativeTarget;
			buildConfigurationList = 4639759B2661269000DE6179 /* Build configuration list for PBXNativeTarget "PizzaPrezzo" */;
			buildPhases = (
				4639756D2661268E00DE6179 /* Sources */,
				4639756E2661268E00DE6179 /* Frameworks */,
				4639756F2661268E00DE6179 /* Resources */,
			);
			buildRules = (
			);
			dependencies = (
			);
			name = PizzaPrezzo;
			packageProductDependencies = (
				4666B22126612BDC00A597E0 /* SwiftUITrackableScrollView */,
			);
			productName = PizzaPrezzo;
			productReference = 463975712661268E00DE6179 /* PizzaPrezzo.app */;
			productType = "com.apple.product-type.application";
		};
		463975862661269000DE6179 /* PizzaPrezzoTests */ = {
			isa = PBXNativeTarget;
			buildConfigurationList = 4639759E2661269000DE6179 /* Build configuration list for PBXNativeTarget "PizzaPrezzoTests" */;
			buildPhases = (
				463975832661269000DE6179 /* Sources */,
				463975842661269000DE6179 /* Frameworks */,
				463975852661269000DE6179 /* Resources */,
			);
			buildRules = (
			);
			dependencies = (
				463975892661269000DE6179 /* PBXTargetDependency */,
			);
			name = PizzaPrezzoTests;
			productName = PizzaPrezzoTests;
			productReference = 463975872661269000DE6179 /* PizzaPrezzoTests.xctest */;
			productType = "com.apple.product-type.bundle.unit-test";
		};
		463975912661269000DE6179 /* PizzaPrezzoUITests */ = {
			isa = PBXNativeTarget;
			buildConfigurationList = 463975A12661269000DE6179 /* Build configuration list for PBXNativeTarget "PizzaPrezzoUITests" */;
			buildPhases = (
				4639758E2661269000DE6179 /* Sources */,
				4639758F2661269000DE6179 /* Frameworks */,
				463975902661269000DE6179 /* Resources */,
			);
			buildRules = (
			);
			dependencies = (
				463975942661269000DE6179 /* PBXTargetDependency */,
			);
			name = PizzaPrezzoUITests;
			productName = PizzaPrezzoUITests;
			productReference = 463975922661269000DE6179 /* PizzaPrezzoUITests.xctest */;
			productType = "com.apple.product-type.bundle.ui-testing";
		};
/* End PBXNativeTarget section */

/* Begin PBXProject section */
		463975692661268E00DE6179 /* Project object */ = {
			isa = PBXProject;
			attributes = {
				LastSwiftUpdateCheck = 1250;
				LastUpgradeCheck = 1250;
				TargetAttributes = {
					463975702661268E00DE6179 = {
						CreatedOnToolsVersion = 12.5;
					};
					463975862661269000DE6179 = {
						CreatedOnToolsVersion = 12.5;
						TestTargetID = 463975702661268E00DE6179;
					};
					463975912661269000DE6179 = {
						CreatedOnToolsVersion = 12.5;
						TestTargetID = 463975702661268E00DE6179;
					};
				};
			};
			buildConfigurationList = 4639756C2661268E00DE6179 /* Build configuration list for PBXProject "PizzaPrezzo" */;
			compatibilityVersion = "Xcode 9.3";
			developmentRegion = en;
			hasScannedForEncodings = 0;
			knownRegions = (
				en,
				Base,
				de,
			);
			mainGroup = 463975682661268E00DE6179;
			packageReferences = (
				4666B22026612BDC00A597E0 /* XCRemoteSwiftPackageReference "trackable-scroll-view" */,
			);
			productRefGroup = 463975722661268E00DE6179 /* Products */;
			projectDirPath = "";
			projectRoot = "";
			targets = (
				463975702661268E00DE6179 /* PizzaPrezzo */,
				463975862661269000DE6179 /* PizzaPrezzoTests */,
				463975912661269000DE6179 /* PizzaPrezzoUITests */,
			);
		};
/* End PBXProject section */

/* Begin PBXResourcesBuildPhase section */
		4639756F2661268E00DE6179 /* Resources */ = {
			isa = PBXResourcesBuildPhase;
			buildActionMask = 2147483647;
			files = (
				4639757C2661268F00DE6179 /* Preview Assets.xcassets in Resources */,
				463975792661268F00DE6179 /* Assets.xcassets in Resources */,
				463975B5266127DB00DE6179 /* Localizable.strings in Resources */,
			);
			runOnlyForDeploymentPostprocessing = 0;
		};
		463975852661269000DE6179 /* Resources */ = {
			isa = PBXResourcesBuildPhase;
			buildActionMask = 2147483647;
			files = (
			);
			runOnlyForDeploymentPostprocessing = 0;
		};
		463975902661269000DE6179 /* Resources */ = {
			isa = PBXResourcesBuildPhase;
			buildActionMask = 2147483647;
			files = (
			);
			runOnlyForDeploymentPostprocessing = 0;
		};
/* End PBXResourcesBuildPhase section */

/* Begin PBXSourcesBuildPhase section */
		4639756D2661268E00DE6179 /* Sources */ = {
			isa = PBXSourcesBuildPhase;
			buildActionMask = 2147483647;
			files = (
				464271FF266180B000D1B3A7 /* SupportView.swift in Sources */,
				463975BB266128AD00DE6179 /* PriceLineView.swift in Sources */,
				463975BD266128B100DE6179 /* ResultLineView.swift in Sources */,
				463975B12661276E00DE6179 /* Extensions.swift in Sources */,
				463975C0266128E500DE6179 /* Calculator.swift in Sources */,
				4642720726626E3900D1B3A7 /* ButtonView.swift in Sources */,
				463975C42661294800DE6179 /* CalculatorView.swift in Sources */,
				460D9A6226612E980002A261 /* PizzaPrezzo.xcdatamodeld in Sources */,
				4642720526626B7C00D1B3A7 /* ModalView.swift in Sources */,
				4639757E2661268F00DE6179 /* Persistence.swift in Sources */,
				463975C52661294800DE6179 /* SizeEditView.swift in Sources */,
				4642720326626AAD00D1B3A7 /* IntroductionView.swift in Sources */,
				463975752661268E00DE6179 /* PizzaPrezzoApp.swift in Sources */,
			);
			runOnlyForDeploymentPostprocessing = 0;
		};
		463975832661269000DE6179 /* Sources */ = {
			isa = PBXSourcesBuildPhase;
			buildActionMask = 2147483647;
			files = (
				4639758C2661269000DE6179 /* PizzaPrezzoTests.swift in Sources */,
			);
			runOnlyForDeploymentPostprocessing = 0;
		};
		4639758E2661269000DE6179 /* Sources */ = {
			isa = PBXSourcesBuildPhase;
			buildActionMask = 2147483647;
			files = (
				463975972661269000DE6179 /* PizzaPrezzoUITests.swift in Sources */,
			);
			runOnlyForDeploymentPostprocessing = 0;
		};
/* End PBXSourcesBuildPhase section */

/* Begin PBXTargetDependency section */
		463975892661269000DE6179 /* PBXTargetDependency */ = {
			isa = PBXTargetDependency;
			target = 463975702661268E00DE6179 /* PizzaPrezzo */;
			targetProxy = 463975882661269000DE6179 /* PBXContainerItemProxy */;
		};
		463975942661269000DE6179 /* PBXTargetDependency */ = {
			isa = PBXTargetDependency;
			target = 463975702661268E00DE6179 /* PizzaPrezzo */;
			targetProxy = 463975932661269000DE6179 /* PBXContainerItemProxy */;
		};
/* End PBXTargetDependency section */

/* Begin PBXVariantGroup section */
		463975B7266127DB00DE6179 /* Localizable.strings */ = {
			isa = PBXVariantGroup;
			children = (
				463975B6266127DB00DE6179 /* en */,
				463975B8266127DE00DE6179 /* de */,
			);
			name = Localizable.strings;
			sourceTree = "<group>";
		};
/* End PBXVariantGroup section */

/* Begin XCBuildConfiguration section */
		463975992661269000DE6179 /* Debug */ = {
			isa = XCBuildConfiguration;
			buildSettings = {
				ALWAYS_SEARCH_USER_PATHS = NO;
				CLANG_ANALYZER_NONNULL = YES;
				CLANG_ANALYZER_NUMBER_OBJECT_CONVERSION = YES_AGGRESSIVE;
				CLANG_CXX_LANGUAGE_STANDARD = "gnu++14";
				CLANG_CXX_LIBRARY = "libc++";
				CLANG_ENABLE_MODULES = YES;
				CLANG_ENABLE_OBJC_ARC = YES;
				CLANG_ENABLE_OBJC_WEAK = YES;
				CLANG_WARN_BLOCK_CAPTURE_AUTORELEASING = YES;
				CLANG_WARN_BOOL_CONVERSION = YES;
				CLANG_WARN_COMMA = YES;
				CLANG_WARN_CONSTANT_CONVERSION = YES;
				CLANG_WARN_DEPRECATED_OBJC_IMPLEMENTATIONS = YES;
				CLANG_WARN_DIRECT_OBJC_ISA_USAGE = YES_ERROR;
				CLANG_WARN_DOCUMENTATION_COMMENTS = YES;
				CLANG_WARN_EMPTY_BODY = YES;
				CLANG_WARN_ENUM_CONVERSION = YES;
				CLANG_WARN_INFINITE_RECURSION = YES;
				CLANG_WARN_INT_CONVERSION = YES;
				CLANG_WARN_NON_LITERAL_NULL_CONVERSION = YES;
				CLANG_WARN_OBJC_IMPLICIT_RETAIN_SELF = YES;
				CLANG_WARN_OBJC_LITERAL_CONVERSION = YES;
				CLANG_WARN_OBJC_ROOT_CLASS = YES_ERROR;
				CLANG_WARN_QUOTED_INCLUDE_IN_FRAMEWORK_HEADER = YES;
				CLANG_WARN_RANGE_LOOP_ANALYSIS = YES;
				CLANG_WARN_STRICT_PROTOTYPES = YES;
				CLANG_WARN_SUSPICIOUS_MOVE = YES;
				CLANG_WARN_UNGUARDED_AVAILABILITY = YES_AGGRESSIVE;
				CLANG_WARN_UNREACHABLE_CODE = YES;
				CLANG_WARN__DUPLICATE_METHOD_MATCH = YES;
				COPY_PHASE_STRIP = NO;
				DEBUG_INFORMATION_FORMAT = dwarf;
				ENABLE_STRICT_OBJC_MSGSEND = YES;
				ENABLE_TESTABILITY = YES;
				GCC_C_LANGUAGE_STANDARD = gnu11;
				GCC_DYNAMIC_NO_PIC = NO;
				GCC_NO_COMMON_BLOCKS = YES;
				GCC_OPTIMIZATION_LEVEL = 0;
				GCC_PREPROCESSOR_DEFINITIONS = (
					"DEBUG=1",
					"$(inherited)",
				);
				GCC_WARN_64_TO_32_BIT_CONVERSION = YES;
				GCC_WARN_ABOUT_RETURN_TYPE = YES_ERROR;
				GCC_WARN_UNDECLARED_SELECTOR = YES;
				GCC_WARN_UNINITIALIZED_AUTOS = YES_AGGRESSIVE;
				GCC_WARN_UNUSED_FUNCTION = YES;
				GCC_WARN_UNUSED_VARIABLE = YES;
				IPHONEOS_DEPLOYMENT_TARGET = 14.5;
				MTL_ENABLE_DEBUG_INFO = INCLUDE_SOURCE;
				MTL_FAST_MATH = YES;
				ONLY_ACTIVE_ARCH = YES;
				SDKROOT = iphoneos;
				SWIFT_ACTIVE_COMPILATION_CONDITIONS = DEBUG;
				SWIFT_OPTIMIZATION_LEVEL = "-Onone";
			};
			name = Debug;
		};
		4639759A2661269000DE6179 /* Release */ = {
			isa = XCBuildConfiguration;
			buildSettings = {
				ALWAYS_SEARCH_USER_PATHS = NO;
				CLANG_ANALYZER_NONNULL = YES;
				CLANG_ANALYZER_NUMBER_OBJECT_CONVERSION = YES_AGGRESSIVE;
				CLANG_CXX_LANGUAGE_STANDARD = "gnu++14";
				CLANG_CXX_LIBRARY = "libc++";
				CLANG_ENABLE_MODULES = YES;
				CLANG_ENABLE_OBJC_ARC = YES;
				CLANG_ENABLE_OBJC_WEAK = YES;
				CLANG_WARN_BLOCK_CAPTURE_AUTORELEASING = YES;
				CLANG_WARN_BOOL_CONVERSION = YES;
				CLANG_WARN_COMMA = YES;
				CLANG_WARN_CONSTANT_CONVERSION = YES;
				CLANG_WARN_DEPRECATED_OBJC_IMPLEMENTATIONS = YES;
				CLANG_WARN_DIRECT_OBJC_ISA_USAGE = YES_ERROR;
				CLANG_WARN_DOCUMENTATION_COMMENTS = YES;
				CLANG_WARN_EMPTY_BODY = YES;
				CLANG_WARN_ENUM_CONVERSION = YES;
				CLANG_WARN_INFINITE_RECURSION = YES;
				CLANG_WARN_INT_CONVERSION = YES;
				CLANG_WARN_NON_LITERAL_NULL_CONVERSION = YES;
				CLANG_WARN_OBJC_IMPLICIT_RETAIN_SELF = YES;
				CLANG_WARN_OBJC_LITERAL_CONVERSION = YES;
				CLANG_WARN_OBJC_ROOT_CLASS = YES_ERROR;
				CLANG_WARN_QUOTED_INCLUDE_IN_FRAMEWORK_HEADER = YES;
				CLANG_WARN_RANGE_LOOP_ANALYSIS = YES;
				CLANG_WARN_STRICT_PROTOTYPES = YES;
				CLANG_WARN_SUSPICIOUS_MOVE = YES;
				CLANG_WARN_UNGUARDED_AVAILABILITY = YES_AGGRESSIVE;
				CLANG_WARN_UNREACHABLE_CODE = YES;
				CLANG_WARN__DUPLICATE_METHOD_MATCH = YES;
				COPY_PHASE_STRIP = NO;
				DEBUG_INFORMATION_FORMAT = "dwarf-with-dsym";
				ENABLE_NS_ASSERTIONS = NO;
				ENABLE_STRICT_OBJC_MSGSEND = YES;
				GCC_C_LANGUAGE_STANDARD = gnu11;
				GCC_NO_COMMON_BLOCKS = YES;
				GCC_WARN_64_TO_32_BIT_CONVERSION = YES;
				GCC_WARN_ABOUT_RETURN_TYPE = YES_ERROR;
				GCC_WARN_UNDECLARED_SELECTOR = YES;
				GCC_WARN_UNINITIALIZED_AUTOS = YES_AGGRESSIVE;
				GCC_WARN_UNUSED_FUNCTION = YES;
				GCC_WARN_UNUSED_VARIABLE = YES;
				IPHONEOS_DEPLOYMENT_TARGET = 14.5;
				MTL_ENABLE_DEBUG_INFO = NO;
				MTL_FAST_MATH = YES;
				SDKROOT = iphoneos;
				SWIFT_COMPILATION_MODE = wholemodule;
				SWIFT_OPTIMIZATION_LEVEL = "-O";
				VALIDATE_PRODUCT = YES;
			};
			name = Release;
		};
		4639759C2661269000DE6179 /* Debug */ = {
			isa = XCBuildConfiguration;
			buildSettings = {
				ASSETCATALOG_COMPILER_APPICON_NAME = AppIcon;
				ASSETCATALOG_COMPILER_GLOBAL_ACCENT_COLOR_NAME = AccentColor;
				CODE_SIGN_STYLE = Automatic;
				CURRENT_PROJECT_VERSION = 4;
				DEVELOPMENT_ASSET_PATHS = "\"PizzaPrezzo/Preview Content\"";
				DEVELOPMENT_TEAM = YSTPDNSA95;
				ENABLE_PREVIEWS = YES;
				INFOPLIST_FILE = PizzaPrezzo/Info.plist;
				IPHONEOS_DEPLOYMENT_TARGET = 14.0;
				LD_RUNPATH_SEARCH_PATHS = (
					"$(inherited)",
					"@executable_path/Frameworks",
				);
				MARKETING_VERSION = 0.1.1;
				PRODUCT_BUNDLE_IDENTIFIER = dev.larslorenz.PizzaPrezzo;
				PRODUCT_NAME = "$(TARGET_NAME)";
				SWIFT_VERSION = 5.0;
				TARGETED_DEVICE_FAMILY = 1;
			};
			name = Debug;
		};
		4639759D2661269000DE6179 /* Release */ = {
			isa = XCBuildConfiguration;
			buildSettings = {
				ASSETCATALOG_COMPILER_APPICON_NAME = AppIcon;
				ASSETCATALOG_COMPILER_GLOBAL_ACCENT_COLOR_NAME = AccentColor;
				CODE_SIGN_STYLE = Automatic;
				CURRENT_PROJECT_VERSION = 4;
				DEVELOPMENT_ASSET_PATHS = "\"PizzaPrezzo/Preview Content\"";
				DEVELOPMENT_TEAM = YSTPDNSA95;
				ENABLE_PREVIEWS = YES;
				INFOPLIST_FILE = PizzaPrezzo/Info.plist;
				IPHONEOS_DEPLOYMENT_TARGET = 14.0;
				LD_RUNPATH_SEARCH_PATHS = (
					"$(inherited)",
					"@executable_path/Frameworks",
				);
				MARKETING_VERSION = 0.1.1;
				PRODUCT_BUNDLE_IDENTIFIER = dev.larslorenz.PizzaPrezzo;
				PRODUCT_NAME = "$(TARGET_NAME)";
				SWIFT_VERSION = 5.0;
				TARGETED_DEVICE_FAMILY = 1;
			};
			name = Release;
		};
		4639759F2661269000DE6179 /* Debug */ = {
			isa = XCBuildConfiguration;
			buildSettings = {
				ALWAYS_EMBED_SWIFT_STANDARD_LIBRARIES = YES;
				BUNDLE_LOADER = "$(TEST_HOST)";
				CODE_SIGN_STYLE = Automatic;
				DEVELOPMENT_TEAM = P8WLDK6S5Z;
				INFOPLIST_FILE = PizzaPrezzoTests/Info.plist;
				IPHONEOS_DEPLOYMENT_TARGET = 14.0;
				LD_RUNPATH_SEARCH_PATHS = (
					"$(inherited)",
					"@executable_path/Frameworks",
					"@loader_path/Frameworks",
				);
				PRODUCT_BUNDLE_IDENTIFIER = dev.larslorenz.PizzaPrezzoTests;
				PRODUCT_NAME = "$(TARGET_NAME)";
				SWIFT_VERSION = 5.0;
				TARGETED_DEVICE_FAMILY = "1,2";
				TEST_HOST = "$(BUILT_PRODUCTS_DIR)/PizzaPrezzo.app/PizzaPrezzo";
			};
			name = Debug;
		};
		463975A02661269000DE6179 /* Release */ = {
			isa = XCBuildConfiguration;
			buildSettings = {
				ALWAYS_EMBED_SWIFT_STANDARD_LIBRARIES = YES;
				BUNDLE_LOADER = "$(TEST_HOST)";
				CODE_SIGN_STYLE = Automatic;
				DEVELOPMENT_TEAM = P8WLDK6S5Z;
				INFOPLIST_FILE = PizzaPrezzoTests/Info.plist;
				IPHONEOS_DEPLOYMENT_TARGET = 14.0;
				LD_RUNPATH_SEARCH_PATHS = (
					"$(inherited)",
					"@executable_path/Frameworks",
					"@loader_path/Frameworks",
				);
				PRODUCT_BUNDLE_IDENTIFIER = dev.larslorenz.PizzaPrezzoTests;
				PRODUCT_NAME = "$(TARGET_NAME)";
				SWIFT_VERSION = 5.0;
				TARGETED_DEVICE_FAMILY = "1,2";
				TEST_HOST = "$(BUILT_PRODUCTS_DIR)/PizzaPrezzo.app/PizzaPrezzo";
			};
			name = Release;
		};
		463975A22661269000DE6179 /* Debug */ = {
			isa = XCBuildConfiguration;
			buildSettings = {
				ALWAYS_EMBED_SWIFT_STANDARD_LIBRARIES = YES;
				CODE_SIGN_STYLE = Automatic;
				DEVELOPMENT_TEAM = P8WLDK6S5Z;
				INFOPLIST_FILE = PizzaPrezzoUITests/Info.plist;
				LD_RUNPATH_SEARCH_PATHS = (
					"$(inherited)",
					"@executable_path/Frameworks",
					"@loader_path/Frameworks",
				);
				PRODUCT_BUNDLE_IDENTIFIER = dev.larslorenz.PizzaPrezzoUITests;
				PRODUCT_NAME = "$(TARGET_NAME)";
				SWIFT_VERSION = 5.0;
				TARGETED_DEVICE_FAMILY = "1,2";
				TEST_TARGET_NAME = PizzaPrezzo;
			};
			name = Debug;
		};
		463975A32661269000DE6179 /* Release */ = {
			isa = XCBuildConfiguration;
			buildSettings = {
				ALWAYS_EMBED_SWIFT_STANDARD_LIBRARIES = YES;
				CODE_SIGN_STYLE = Automatic;
				DEVELOPMENT_TEAM = P8WLDK6S5Z;
				INFOPLIST_FILE = PizzaPrezzoUITests/Info.plist;
				LD_RUNPATH_SEARCH_PATHS = (
					"$(inherited)",
					"@executable_path/Frameworks",
					"@loader_path/Frameworks",
				);
				PRODUCT_BUNDLE_IDENTIFIER = dev.larslorenz.PizzaPrezzoUITests;
				PRODUCT_NAME = "$(TARGET_NAME)";
				SWIFT_VERSION = 5.0;
				TARGETED_DEVICE_FAMILY = "1,2";
				TEST_TARGET_NAME = PizzaPrezzo;
			};
			name = Release;
		};
/* End XCBuildConfiguration section */

/* Begin XCConfigurationList section */
		4639756C2661268E00DE6179 /* Build configuration list for PBXProject "PizzaPrezzo" */ = {
			isa = XCConfigurationList;
			buildConfigurations = (
				463975992661269000DE6179 /* Debug */,
				4639759A2661269000DE6179 /* Release */,
			);
			defaultConfigurationIsVisible = 0;
			defaultConfigurationName = Release;
		};
		4639759B2661269000DE6179 /* Build configuration list for PBXNativeTarget "PizzaPrezzo" */ = {
			isa = XCConfigurationList;
			buildConfigurations = (
				4639759C2661269000DE6179 /* Debug */,
				4639759D2661269000DE6179 /* Release */,
			);
			defaultConfigurationIsVisible = 0;
			defaultConfigurationName = Release;
		};
		4639759E2661269000DE6179 /* Build configuration list for PBXNativeTarget "PizzaPrezzoTests" */ = {
			isa = XCConfigurationList;
			buildConfigurations = (
				4639759F2661269000DE6179 /* Debug */,
				463975A02661269000DE6179 /* Release */,
			);
			defaultConfigurationIsVisible = 0;
			defaultConfigurationName = Release;
		};
		463975A12661269000DE6179 /* Build configuration list for PBXNativeTarget "PizzaPrezzoUITests" */ = {
			isa = XCConfigurationList;
			buildConfigurations = (
				463975A22661269000DE6179 /* Debug */,
				463975A32661269000DE6179 /* Release */,
			);
			defaultConfigurationIsVisible = 0;
			defaultConfigurationName = Release;
		};
/* End XCConfigurationList section */

/* Begin XCRemoteSwiftPackageReference section */
		4666B22026612BDC00A597E0 /* XCRemoteSwiftPackageReference "trackable-scroll-view" */ = {
			isa = XCRemoteSwiftPackageReference;
			repositoryURL = "https://github.com/maxnatchanon/trackable-scroll-view.git";
			requirement = {
				branch = master;
				kind = branch;
			};
		};
/* End XCRemoteSwiftPackageReference section */

/* Begin XCSwiftPackageProductDependency section */
		4666B22126612BDC00A597E0 /* SwiftUITrackableScrollView */ = {
			isa = XCSwiftPackageProductDependency;
			package = 4666B22026612BDC00A597E0 /* XCRemoteSwiftPackageReference "trackable-scroll-view" */;
			productName = SwiftUITrackableScrollView;
		};
/* End XCSwiftPackageProductDependency section */

/* Begin XCVersionGroup section */
		460D9A6026612E980002A261 /* PizzaPrezzo.xcdatamodeld */ = {
			isa = XCVersionGroup;
			children = (
				460D9A6126612E980002A261 /* PizzaPrezzo.xcdatamodel */,
			);
			currentVersion = 460D9A6126612E980002A261 /* PizzaPrezzo.xcdatamodel */;
			path = PizzaPrezzo.xcdatamodeld;
			sourceTree = "<group>";
			versionGroupType = wrapper.xcdatamodel;
		};
/* End XCVersionGroup section */
	};
	rootObject = 463975692661268E00DE6179 /* Project object */;
}
